
Microsoft Visual Studio Solution File, Format Version 12.00
# Visual Studio Version 17
VisualStudioVersion = 17.0.31903.59
MinimumVisualStudioVersion = 10.0.40219.1
Project("{FAE04EC0-301F-11D3-BF4B-00C04F79EFBC}") = "BuberBreakfast.Contracts", "BuberBreakfast.Contracts\BuberBreakfast.Contracts.csproj", "{C6D7BF46-E074-4436-BBF9-FF288274BEA5}"
EndProject
Project("{FAE04EC0-301F-11D3-BF4B-00C04F79EFBC}") = "BuberBreakfast", "BuberBreakfast\BuberBreakfast.csproj", "{934C75E5-798D-4383-8BF1-6469FD9A1BE7}"
EndProject
Global
	GlobalSection(SolutionConfigurationPlatforms) = preSolution
		Debug|Any CPU = Debug|Any CPU
		Release|Any CPU = Release|Any CPU
	EndGlobalSection
	GlobalSection(SolutionProperties) = preSolution
		HideSolutionNode = FALSE
	EndGlobalSection
	GlobalSection(ProjectConfigurationPlatforms) = postSolution
		{C6D7BF46-E074-4436-BBF9-FF288274BEA5}.Debug|Any CPU.ActiveCfg = Debug|Any CPU
		{C6D7BF46-E074-4436-BBF9-FF288274BEA5}.Debug|Any CPU.Build.0 = Debug|Any CPU
		{C6D7BF46-E074-4436-BBF9-FF288274BEA5}.Release|Any CPU.ActiveCfg = Release|Any CPU
		{C6D7BF46-E074-4436-BBF9-FF288274BEA5}.Release|Any CPU.Build.0 = Release|Any CPU
		{934C75E5-798D-4383-8BF1-6469FD9A1BE7}.Debug|Any CPU.ActiveCfg = Debug|Any CPU
		{934C75E5-798D-4383-8BF1-6469FD9A1BE7}.Debug|Any CPU.Build.0 = Debug|Any CPU
		{934C75E5-798D-4383-8BF1-6469FD9A1BE7}.Release|Any CPU.ActiveCfg = Release|Any CPU
		{934C75E5-798D-4383-8BF1-6469FD9A1BE7}.Release|Any CPU.Build.0 = Release|Any CPU
	EndGlobalSection
EndGlobal
